// !$*UTF8*$!
{
	archiveVersion = 1;
	classes = {
	};
	objectVersion = 55;
	objects = {

/* Begin PBXBuildFile section */
		0F34146628C3CC9D001F2D4F /* CarouselCollectionViewCell.swift in Sources */ = {isa = PBXBuildFile; fileRef = 0F34146428C3CC9D001F2D4F /* CarouselCollectionViewCell.swift */; };
		0F34146728C3CC9D001F2D4F /* CarouselCollectionViewCell.xib in Resources */ = {isa = PBXBuildFile; fileRef = 0F34146528C3CC9D001F2D4F /* CarouselCollectionViewCell.xib */; };
		0F7CDCC928C28CF8008890B5 /* AppDelegate.swift in Sources */ = {isa = PBXBuildFile; fileRef = 0F7CDCC828C28CF8008890B5 /* AppDelegate.swift */; };
		0F7CDCCB28C28CF8008890B5 /* SceneDelegate.swift in Sources */ = {isa = PBXBuildFile; fileRef = 0F7CDCCA28C28CF8008890B5 /* SceneDelegate.swift */; };
		0F7CDCCD28C28CF8008890B5 /* ViewController.swift in Sources */ = {isa = PBXBuildFile; fileRef = 0F7CDCCC28C28CF8008890B5 /* ViewController.swift */; };
		0F7CDCD028C28CF8008890B5 /* Main.storyboard in Resources */ = {isa = PBXBuildFile; fileRef = 0F7CDCCE28C28CF8008890B5 /* Main.storyboard */; };
		0F7CDCD228C28CF9008890B5 /* Assets.xcassets in Resources */ = {isa = PBXBuildFile; fileRef = 0F7CDCD128C28CF9008890B5 /* Assets.xcassets */; };
		0F7CDCD528C28CF9008890B5 /* LaunchScreen.storyboard in Resources */ = {isa = PBXBuildFile; fileRef = 0F7CDCD328C28CF9008890B5 /* LaunchScreen.storyboard */; };
		0F7CDCDD28C29472008890B5 /* ProductCategory.swift in Sources */ = {isa = PBXBuildFile; fileRef = 0F7CDCDC28C29472008890B5 /* ProductCategory.swift */; };
		0F7CDCDF28C296D3008890B5 /* CategoryCollectionViewCell.swift in Sources */ = {isa = PBXBuildFile; fileRef = 0F7CDCDE28C296D3008890B5 /* CategoryCollectionViewCell.swift */; };
		0F97EA7428C32F6200E4E397 /* MiddleStackViewButton.swift in Sources */ = {isa = PBXBuildFile; fileRef = 0F97EA7328C32F6200E4E397 /* MiddleStackViewButton.swift */; };
		0F97EA7628C338AA00E4E397 /* RecommendedProduct.swift in Sources */ = {isa = PBXBuildFile; fileRef = 0F97EA7528C338A900E4E397 /* RecommendedProduct.swift */; };
		D32CFA5AD65B68E10267C5DF /* Pods_CarrefourSADesign.framework in Frameworks */ = {isa = PBXBuildFile; fileRef = 416CECD0868B1F2BF973BC3C /* Pods_CarrefourSADesign.framework */; };
/* End PBXBuildFile section */

/* Begin PBXFileReference section */
		0F34146428C3CC9D001F2D4F /* CarouselCollectionViewCell.swift */ = {isa = PBXFileReference; lastKnownFileType = sourcecode.swift; path = CarouselCollectionViewCell.swift; sourceTree = "<group>"; };
		0F34146528C3CC9D001F2D4F /* CarouselCollectionViewCell.xib */ = {isa = PBXFileReference; lastKnownFileType = file.xib; path = CarouselCollectionViewCell.xib; sourceTree = "<group>"; };
		0F7CDCC528C28CF8008890B5 /* CarrefourSADesign.app */ = {isa = PBXFileReference; explicitFileType = wrapper.application; includeInIndex = 0; path = CarrefourSADesign.app; sourceTree = BUILT_PRODUCTS_DIR; };
		0F7CDCC828C28CF8008890B5 /* AppDelegate.swift */ = {isa = PBXFileReference; lastKnownFileType = sourcecode.swift; path = AppDelegate.swift; sourceTree = "<group>"; };
		0F7CDCCA28C28CF8008890B5 /* SceneDelegate.swift */ = {isa = PBXFileReference; lastKnownFileType = sourcecode.swift; path = SceneDelegate.swift; sourceTree = "<group>"; };
		0F7CDCCC28C28CF8008890B5 /* ViewController.swift */ = {isa = PBXFileReference; lastKnownFileType = sourcecode.swift; path = ViewController.swift; sourceTree = "<group>"; };
		0F7CDCCF28C28CF8008890B5 /* Base */ = {isa = PBXFileReference; lastKnownFileType = file.storyboard; name = Base; path = Base.lproj/Main.storyboard; sourceTree = "<group>"; };
		0F7CDCD128C28CF9008890B5 /* Assets.xcassets */ = {isa = PBXFileReference; lastKnownFileType = folder.assetcatalog; path = Assets.xcassets; sourceTree = "<group>"; };
		0F7CDCD428C28CF9008890B5 /* Base */ = {isa = PBXFileReference; lastKnownFileType = file.storyboard; name = Base; path = Base.lproj/LaunchScreen.storyboard; sourceTree = "<group>"; };
		0F7CDCD628C28CF9008890B5 /* Info.plist */ = {isa = PBXFileReference; lastKnownFileType = text.plist.xml; path = Info.plist; sourceTree = "<group>"; };
		0F7CDCDC28C29472008890B5 /* ProductCategory.swift */ = {isa = PBXFileReference; lastKnownFileType = sourcecode.swift; path = ProductCategory.swift; sourceTree = "<group>"; };
		0F7CDCDE28C296D3008890B5 /* CategoryCollectionViewCell.swift */ = {isa = PBXFileReference; lastKnownFileType = sourcecode.swift; path = CategoryCollectionViewCell.swift; sourceTree = "<group>"; };
		0F97EA7328C32F6200E4E397 /* MiddleStackViewButton.swift */ = {isa = PBXFileReference; lastKnownFileType = sourcecode.swift; path = MiddleStackViewButton.swift; sourceTree = "<group>"; };
		0F97EA7528C338A900E4E397 /* RecommendedProduct.swift */ = {isa = PBXFileReference; lastKnownFileType = sourcecode.swift; path = RecommendedProduct.swift; sourceTree = "<group>"; };
		416CECD0868B1F2BF973BC3C /* Pods_CarrefourSADesign.framework */ = {isa = PBXFileReference; explicitFileType = wrapper.framework; includeInIndex = 0; path = Pods_CarrefourSADesign.framework; sourceTree = BUILT_PRODUCTS_DIR; };
		9C187E7EFF400B3B73AE94E1 /* Pods-CarrefourSADesign.release.xcconfig */ = {isa = PBXFileReference; includeInIndex = 1; lastKnownFileType = text.xcconfig; name = "Pods-CarrefourSADesign.release.xcconfig"; path = "Target Support Files/Pods-CarrefourSADesign/Pods-CarrefourSADesign.release.xcconfig"; sourceTree = "<group>"; };
		AE9B2B73B268DFFCC1FF515B /* Pods-CarrefourSADesign.debug.xcconfig */ = {isa = PBXFileReference; includeInIndex = 1; lastKnownFileType = text.xcconfig; name = "Pods-CarrefourSADesign.debug.xcconfig"; path = "Target Support Files/Pods-CarrefourSADesign/Pods-CarrefourSADesign.debug.xcconfig"; sourceTree = "<group>"; };
/* End PBXFileReference section */

/* Begin PBXFrameworksBuildPhase section */
		0F7CDCC228C28CF8008890B5 /* Frameworks */ = {
			isa = PBXFrameworksBuildPhase;
			buildActionMask = 2147483647;
			files = (
				D32CFA5AD65B68E10267C5DF /* Pods_CarrefourSADesign.framework in Frameworks */,
			);
			runOnlyForDeploymentPostprocessing = 0;
		};
/* End PBXFrameworksBuildPhase section */

/* Begin PBXGroup section */
		0F7CDCBC28C28CF8008890B5 = {
			isa = PBXGroup;
			children = (
				0F7CDCC728C28CF8008890B5 /* CarrefourSADesign */,
				0F7CDCC628C28CF8008890B5 /* Products */,
				CEF9EB1FBF635FEE5C79EF32 /* Pods */,
				29B1F1ADCA3095992BE7FB30 /* Frameworks */,
			);
			sourceTree = "<group>";
		};
		0F7CDCC628C28CF8008890B5 /* Products */ = {
			isa = PBXGroup;
			children = (
				0F7CDCC528C28CF8008890B5 /* CarrefourSADesign.app */,
			);
			name = Products;
			sourceTree = "<group>";
		};
		0F7CDCC728C28CF8008890B5 /* CarrefourSADesign */ = {
			isa = PBXGroup;
			children = (
				0F97EA7728C338C800E4E397 /* Model */,
				0F7CDCC828C28CF8008890B5 /* AppDelegate.swift */,
				0F7CDCCA28C28CF8008890B5 /* SceneDelegate.swift */,
				0F7CDCCC28C28CF8008890B5 /* ViewController.swift */,
				0F34146428C3CC9D001F2D4F /* CarouselCollectionViewCell.swift */,
				0F34146528C3CC9D001F2D4F /* CarouselCollectionViewCell.xib */,
				0F7CDCDE28C296D3008890B5 /* CategoryCollectionViewCell.swift */,
				0F7CDCCE28C28CF8008890B5 /* Main.storyboard */,
				0F7CDCD128C28CF9008890B5 /* Assets.xcassets */,
				0F7CDCD328C28CF9008890B5 /* LaunchScreen.storyboard */,
				0F7CDCD628C28CF9008890B5 /* Info.plist */,
			);
			path = CarrefourSADesign;
			sourceTree = "<group>";
		};
		0F97EA7728C338C800E4E397 /* Model */ = {
			isa = PBXGroup;
			children = (
				0F97EA7528C338A900E4E397 /* RecommendedProduct.swift */,
				0F7CDCDC28C29472008890B5 /* ProductCategory.swift */,
				0F97EA7328C32F6200E4E397 /* MiddleStackViewButton.swift */,
			);
			path = Model;
			sourceTree = "<group>";
		};
		29B1F1ADCA3095992BE7FB30 /* Frameworks */ = {
			isa = PBXGroup;
			children = (
				416CECD0868B1F2BF973BC3C /* Pods_CarrefourSADesign.framework */,
			);
			name = Frameworks;
			sourceTree = "<group>";
		};
		CEF9EB1FBF635FEE5C79EF32 /* Pods */ = {
			isa = PBXGroup;
			children = (
				AE9B2B73B268DFFCC1FF515B /* Pods-CarrefourSADesign.debug.xcconfig */,
				9C187E7EFF400B3B73AE94E1 /* Pods-CarrefourSADesign.release.xcconfig */,
			);
			path = Pods;
			sourceTree = "<group>";
		};
/* End PBXGroup section */

/* Begin PBXNativeTarget section */
		0F7CDCC428C28CF8008890B5 /* CarrefourSADesign */ = {
			isa = PBXNativeTarget;
			buildConfigurationList = 0F7CDCD928C28CF9008890B5 /* Build configuration list for PBXNativeTarget "CarrefourSADesign" */;
			buildPhases = (
				CCBEE181AC3AD68DCB8B3796 /* [CP] Check Pods Manifest.lock */,
				0F7CDCC128C28CF8008890B5 /* Sources */,
				0F7CDCC228C28CF8008890B5 /* Frameworks */,
				0F7CDCC328C28CF8008890B5 /* Resources */,
				9DF9A5C85CA0CE562F27769B /* [CP] Embed Pods Frameworks */,
			);
			buildRules = (
			);
			dependencies = (
			);
			name = CarrefourSADesign;
			productName = CarrefourSADesign;
			productReference = 0F7CDCC528C28CF8008890B5 /* CarrefourSADesign.app */;
			productType = "com.apple.product-type.application";
		};
/* End PBXNativeTarget section */

/* Begin PBXProject section */
		0F7CDCBD28C28CF8008890B5 /* Project object */ = {
			isa = PBXProject;
			attributes = {
				BuildIndependentTargetsInParallel = 1;
				LastSwiftUpdateCheck = 1340;
				LastUpgradeCheck = 1340;
				TargetAttributes = {
					0F7CDCC428C28CF8008890B5 = {
						CreatedOnToolsVersion = 13.4.1;
					};
				};
			};
			buildConfigurationList = 0F7CDCC028C28CF8008890B5 /* Build configuration list for PBXProject "CarrefourSADesign" */;
			compatibilityVersion = "Xcode 13.0";
			developmentRegion = en;
			hasScannedForEncodings = 0;
			knownRegions = (
				en,
				Base,
			);
			mainGroup = 0F7CDCBC28C28CF8008890B5;
			productRefGroup = 0F7CDCC628C28CF8008890B5 /* Products */;
			projectDirPath = "";
			projectRoot = "";
			targets = (
				0F7CDCC428C28CF8008890B5 /* CarrefourSADesign */,
			);
		};
/* End PBXProject section */

/* Begin PBXResourcesBuildPhase section */
		0F7CDCC328C28CF8008890B5 /* Resources */ = {
			isa = PBXResourcesBuildPhase;
			buildActionMask = 2147483647;
			files = (
				0F34146728C3CC9D001F2D4F /* CarouselCollectionViewCell.xib in Resources */,
				0F7CDCD528C28CF9008890B5 /* LaunchScreen.storyboard in Resources */,
				0F7CDCD228C28CF9008890B5 /* Assets.xcassets in Resources */,
				0F7CDCD028C28CF8008890B5 /* Main.storyboard in Resources */,
			);
			runOnlyForDeploymentPostprocessing = 0;
		};
/* End PBXResourcesBuildPhase section */

/* Begin PBXShellScriptBuildPhase section */
		9DF9A5C85CA0CE562F27769B /* [CP] Embed Pods Frameworks */ = {
			isa = PBXShellScriptBuildPhase;
			buildActionMask = 2147483647;
			files = (
			);
			inputFileListPaths = (
				"${PODS_ROOT}/Target Support Files/Pods-CarrefourSADesign/Pods-CarrefourSADesign-frameworks-${CONFIGURATION}-input-files.xcfilelist",
			);
			name = "[CP] Embed Pods Frameworks";
			outputFileListPaths = (
				"${PODS_ROOT}/Target Support Files/Pods-CarrefourSADesign/Pods-CarrefourSADesign-frameworks-${CONFIGURATION}-output-files.xcfilelist",
			);
			runOnlyForDeploymentPostprocessing = 0;
			shellPath = /bin/sh;
			shellScript = "\"${PODS_ROOT}/Target Support Files/Pods-CarrefourSADesign/Pods-CarrefourSADesign-frameworks.sh\"\n";
			showEnvVarsInLog = 0;
		};
		CCBEE181AC3AD68DCB8B3796 /* [CP] Check Pods Manifest.lock */ = {
			isa = PBXShellScriptBuildPhase;
			buildActionMask = 2147483647;
			files = (
			);
			inputFileListPaths = (
			);
			inputPaths = (
				"${PODS_PODFILE_DIR_PATH}/Podfile.lock",
				"${PODS_ROOT}/Manifest.lock",
			);
			name = "[CP] Check Pods Manifest.lock";
			outputFileListPaths = (
			);
			outputPaths = (
				"$(DERIVED_FILE_DIR)/Pods-CarrefourSADesign-checkManifestLockResult.txt",
			);
			runOnlyForDeploymentPostprocessing = 0;
			shellPath = /bin/sh;
			shellScript = "diff \"${PODS_PODFILE_DIR_PATH}/Podfile.lock\" \"${PODS_ROOT}/Manifest.lock\" > /dev/null\nif [ $? != 0 ] ; then\n    # print error to STDERR\n    echo \"error: The sandbox is not in sync with the Podfile.lock. Run 'pod install' or update your CocoaPods installation.\" >&2\n    exit 1\nfi\n# This output is used by Xcode 'outputs' to avoid re-running this script phase.\necho \"SUCCESS\" > \"${SCRIPT_OUTPUT_FILE_0}\"\n";
			showEnvVarsInLog = 0;
		};
/* End PBXShellScriptBuildPhase section */

/* Begin PBXSourcesBuildPhase section */
		0F7CDCC128C28CF8008890B5 /* Sources */ = {
			isa = PBXSourcesBuildPhase;
			buildActionMask = 2147483647;
			files = (
				0F34146628C3CC9D001F2D4F /* CarouselCollectionViewCell.swift in Sources */,
				0F7CDCCD28C28CF8008890B5 /* ViewController.swift in Sources */,
				0F7CDCDF28C296D3008890B5 /* CategoryCollectionViewCell.swift in Sources */,
				0F7CDCC928C28CF8008890B5 /* AppDelegate.swift in Sources */,
				0F97EA7628C338AA00E4E397 /* RecommendedProduct.swift in Sources */,
				0F7CDCCB28C28CF8008890B5 /* SceneDelegate.swift in Sources */,
				0F97EA7428C32F6200E4E397 /* MiddleStackViewButton.swift in Sources */,
				0F7CDCDD28C29472008890B5 /* ProductCategory.swift in Sources */,
			);
			runOnlyForDeploymentPostprocessing = 0;
		};
/* End PBXSourcesBuildPhase section */

/* Begin PBXVariantGroup section */
		0F7CDCCE28C28CF8008890B5 /* Main.storyboard */ = {
			isa = PBXVariantGroup;
			children = (
				0F7CDCCF28C28CF8008890B5 /* Base */,
			);
			name = Main.storyboard;
			sourceTree = "<group>";
		};
		0F7CDCD328C28CF9008890B5 /* LaunchScreen.storyboard */ = {
			isa = PBXVariantGroup;
			children = (
				0F7CDCD428C28CF9008890B5 /* Base */,
			);
			name = LaunchScreen.storyboard;
			sourceTree = "<group>";
		};
/* End PBXVariantGroup section */

/* Begin XCBuildConfiguration section */
		0F7CDCD728C28CF9008890B5 /* Debug */ = {
			isa = XCBuildConfiguration;
			buildSettings = {
				ALWAYS_SEARCH_USER_PATHS = NO;
				CLANG_ANALYZER_NONNULL = YES;
				CLANG_ANALYZER_NUMBER_OBJECT_CONVERSION = YES_AGGRESSIVE;
				CLANG_CXX_LANGUAGE_STANDARD = "gnu++17";
				CLANG_ENABLE_MODULES = YES;
				CLANG_ENABLE_OBJC_ARC = YES;
				CLANG_ENABLE_OBJC_WEAK = YES;
				CLANG_WARN_BLOCK_CAPTURE_AUTORELEASING = YES;
				CLANG_WARN_BOOL_CONVERSION = YES;
				CLANG_WARN_COMMA = YES;
				CLANG_WARN_CONSTANT_CONVERSION = YES;
				CLANG_WARN_DEPRECATED_OBJC_IMPLEMENTATIONS = YES;
				CLANG_WARN_DIRECT_OBJC_ISA_USAGE = YES_ERROR;
				CLANG_WARN_DOCUMENTATION_COMMENTS = YES;
				CLANG_WARN_EMPTY_BODY = YES;
				CLANG_WARN_ENUM_CONVERSION = YES;
				CLANG_WARN_INFINITE_RECURSION = YES;
				CLANG_WARN_INT_CONVERSION = YES;
				CLANG_WARN_NON_LITERAL_NULL_CONVERSION = YES;
				CLANG_WARN_OBJC_IMPLICIT_RETAIN_SELF = YES;
				CLANG_WARN_OBJC_LITERAL_CONVERSION = YES;
				CLANG_WARN_OBJC_ROOT_CLASS = YES_ERROR;
				CLANG_WARN_QUOTED_INCLUDE_IN_FRAMEWORK_HEADER = YES;
				CLANG_WARN_RANGE_LOOP_ANALYSIS = YES;
				CLANG_WARN_STRICT_PROTOTYPES = YES;
				CLANG_WARN_SUSPICIOUS_MOVE = YES;
				CLANG_WARN_UNGUARDED_AVAILABILITY = YES_AGGRESSIVE;
				CLANG_WARN_UNREACHABLE_CODE = YES;
				CLANG_WARN__DUPLICATE_METHOD_MATCH = YES;
				COPY_PHASE_STRIP = NO;
				DEBUG_INFORMATION_FORMAT = dwarf;
				ENABLE_STRICT_OBJC_MSGSEND = YES;
				ENABLE_TESTABILITY = YES;
				GCC_C_LANGUAGE_STANDARD = gnu11;
				GCC_DYNAMIC_NO_PIC = NO;
				GCC_NO_COMMON_BLOCKS = YES;
				GCC_OPTIMIZATION_LEVEL = 0;
				GCC_PREPROCESSOR_DEFINITIONS = (
					"DEBUG=1",
					"$(inherited)",
				);
				GCC_WARN_64_TO_32_BIT_CONVERSION = YES;
				GCC_WARN_ABOUT_RETURN_TYPE = YES_ERROR;
				GCC_WARN_UNDECLARED_SELECTOR = YES;
				GCC_WARN_UNINITIALIZED_AUTOS = YES_AGGRESSIVE;
				GCC_WARN_UNUSED_FUNCTION = YES;
				GCC_WARN_UNUSED_VARIABLE = YES;
				IPHONEOS_DEPLOYMENT_TARGET = 15.5;
				MTL_ENABLE_DEBUG_INFO = INCLUDE_SOURCE;
				MTL_FAST_MATH = YES;
				ONLY_ACTIVE_ARCH = YES;
				SDKROOT = iphoneos;
				SWIFT_ACTIVE_COMPILATION_CONDITIONS = DEBUG;
				SWIFT_OPTIMIZATION_LEVEL = "-Onone";
			};
			name = Debug;
		};
		0F7CDCD828C28CF9008890B5 /* Release */ = {
			isa = XCBuildConfiguration;
			buildSettings = {
				ALWAYS_SEARCH_USER_PATHS = NO;
				CLANG_ANALYZER_NONNULL = YES;
				CLANG_ANALYZER_NUMBER_OBJECT_CONVERSION = YES_AGGRESSIVE;
				CLANG_CXX_LANGUAGE_STANDARD = "gnu++17";
				CLANG_ENABLE_MODULES = YES;
				CLANG_ENABLE_OBJC_ARC = YES;
				CLANG_ENABLE_OBJC_WEAK = YES;
				CLANG_WARN_BLOCK_CAPTURE_AUTORELEASING = YES;
				CLANG_WARN_BOOL_CONVERSION = YES;
				CLANG_WARN_COMMA = YES;
				CLANG_WARN_CONSTANT_CONVERSION = YES;
				CLANG_WARN_DEPRECATED_OBJC_IMPLEMENTATIONS = YES;
				CLANG_WARN_DIRECT_OBJC_ISA_USAGE = YES_ERROR;
				CLANG_WARN_DOCUMENTATION_COMMENTS = YES;
				CLANG_WARN_EMPTY_BODY = YES;
				CLANG_WARN_ENUM_CONVERSION = YES;
				CLANG_WARN_INFINITE_RECURSION = YES;
				CLANG_WARN_INT_CONVERSION = YES;
				CLANG_WARN_NON_LITERAL_NULL_CONVERSION = YES;
				CLANG_WARN_OBJC_IMPLICIT_RETAIN_SELF = YES;
				CLANG_WARN_OBJC_LITERAL_CONVERSION = YES;
				CLANG_WARN_OBJC_ROOT_CLASS = YES_ERROR;
				CLANG_WARN_QUOTED_INCLUDE_IN_FRAMEWORK_HEADER = YES;
				CLANG_WARN_RANGE_LOOP_ANALYSIS = YES;
				CLANG_WARN_STRICT_PROTOTYPES = YES;
				CLANG_WARN_SUSPICIOUS_MOVE = YES;
				CLANG_WARN_UNGUARDED_AVAILABILITY = YES_AGGRESSIVE;
				CLANG_WARN_UNREACHABLE_CODE = YES;
				CLANG_WARN__DUPLICATE_METHOD_MATCH = YES;
				COPY_PHASE_STRIP = NO;
				DEBUG_INFORMATION_FORMAT = "dwarf-with-dsym";
				ENABLE_NS_ASSERTIONS = NO;
				ENABLE_STRICT_OBJC_MSGSEND = YES;
				GCC_C_LANGUAGE_STANDARD = gnu11;
				GCC_NO_COMMON_BLOCKS = YES;
				GCC_WARN_64_TO_32_BIT_CONVERSION = YES;
				GCC_WARN_ABOUT_RETURN_TYPE = YES_ERROR;
				GCC_WARN_UNDECLARED_SELECTOR = YES;
				GCC_WARN_UNINITIALIZED_AUTOS = YES_AGGRESSIVE;
				GCC_WARN_UNUSED_FUNCTION = YES;
				GCC_WARN_UNUSED_VARIABLE = YES;
				IPHONEOS_DEPLOYMENT_TARGET = 15.5;
				MTL_ENABLE_DEBUG_INFO = NO;
				MTL_FAST_MATH = YES;
				SDKROOT = iphoneos;
				SWIFT_COMPILATION_MODE = wholemodule;
				SWIFT_OPTIMIZATION_LEVEL = "-O";
				VALIDATE_PRODUCT = YES;
			};
			name = Release;
		};
		0F7CDCDA28C28CF9008890B5 /* Debug */ = {
			isa = XCBuildConfiguration;
			baseConfigurationReference = AE9B2B73B268DFFCC1FF515B /* Pods-CarrefourSADesign.debug.xcconfig */;
			buildSettings = {
				ASSETCATALOG_COMPILER_APPICON_NAME = AppIcon;
				ASSETCATALOG_COMPILER_GLOBAL_ACCENT_COLOR_NAME = AccentColor;
				CODE_SIGN_STYLE = Automatic;
				CURRENT_PROJECT_VERSION = 1;
				DEVELOPMENT_TEAM = KTL634GQKL;
				GENERATE_INFOPLIST_FILE = YES;
				INFOPLIST_FILE = CarrefourSADesign/Info.plist;
				INFOPLIST_KEY_UIApplicationSupportsIndirectInputEvents = YES;
				INFOPLIST_KEY_UILaunchStoryboardName = LaunchScreen;
				INFOPLIST_KEY_UIMainStoryboardFile = Main;
				INFOPLIST_KEY_UISupportedInterfaceOrientations_iPad = "UIInterfaceOrientationPortrait UIInterfaceOrientationPortraitUpsideDown UIInterfaceOrientationLandscapeLeft UIInterfaceOrientationLandscapeRight";
				INFOPLIST_KEY_UISupportedInterfaceOrientations_iPhone = "UIInterfaceOrientationPortrait UIInterfaceOrientationLandscapeLeft UIInterfaceOrientationLandscapeRight";
				LD_RUNPATH_SEARCH_PATHS = (
					"$(inherited)",
					"@executable_path/Frameworks",
				);
				MARKETING_VERSION = 1.0;
				PRODUCT_BUNDLE_IDENTIFIER = com.ibrahimdemirci.CarrefourSADesign;
				PRODUCT_NAME = "$(TARGET_NAME)";
				SWIFT_EMIT_LOC_STRINGS = YES;
				SWIFT_VERSION = 5.0;
				TARGETED_DEVICE_FAMILY = "1,2";
			};
			name = Debug;
		};
		0F7CDCDB28C28CF9008890B5 /* Release */ = {
			isa = XCBuildConfiguration;
			baseConfigurationReference = 9C187E7EFF400B3B73AE94E1 /* Pods-CarrefourSADesign.release.xcconfig */;
			buildSettings = {
				ASSETCATALOG_COMPILER_APPICON_NAME = AppIcon;
				ASSETCATALOG_COMPILER_GLOBAL_ACCENT_COLOR_NAME = AccentColor;
				CODE_SIGN_STYLE = Automatic;
				CURRENT_PROJECT_VERSION = 1;
				DEVELOPMENT_TEAM = KTL634GQKL;
				GENERATE_INFOPLIST_FILE = YES;
				INFOPLIST_FILE = CarrefourSADesign/Info.plist;
				INFOPLIST_KEY_UIApplicationSupportsIndirectInputEvents = YES;
				INFOPLIST_KEY_UILaunchStoryboardName = LaunchScreen;
				INFOPLIST_KEY_UIMainStoryboardFile = Main;
				INFOPLIST_KEY_UISupportedInterfaceOrientations_iPad = "UIInterfaceOrientationPortrait UIInterfaceOrientationPortraitUpsideDown UIInterfaceOrientationLandscapeLeft UIInterfaceOrientationLandscapeRight";
				INFOPLIST_KEY_UISupportedInterfaceOrientations_iPhone = "UIInterfaceOrientationPortrait UIInterfaceOrientationLandscapeLeft UIInterfaceOrientationLandscapeRight";
				LD_RUNPATH_SEARCH_PATHS = (
					"$(inherited)",
					"@executable_path/Frameworks",
				);
				MARKETING_VERSION = 1.0;
				PRODUCT_BUNDLE_IDENTIFIER = com.ibrahimdemirci.CarrefourSADesign;
				PRODUCT_NAME = "$(TARGET_NAME)";
				SWIFT_EMIT_LOC_STRINGS = YES;
				SWIFT_VERSION = 5.0;
				TARGETED_DEVICE_FAMILY = "1,2";
			};
			name = Release;
		};
/* End XCBuildConfiguration section */

/* Begin XCConfigurationList section */
		0F7CDCC028C28CF8008890B5 /* Build configuration list for PBXProject "CarrefourSADesign" */ = {
			isa = XCConfigurationList;
			buildConfigurations = (
				0F7CDCD728C28CF9008890B5 /* Debug */,
				0F7CDCD828C28CF9008890B5 /* Release */,
			);
			defaultConfigurationIsVisible = 0;
			defaultConfigurationName = Release;
		};
		0F7CDCD928C28CF9008890B5 /* Build configuration list for PBXNativeTarget "CarrefourSADesign" */ = {
			isa = XCConfigurationList;
			buildConfigurations = (
				0F7CDCDA28C28CF9008890B5 /* Debug */,
				0F7CDCDB28C28CF9008890B5 /* Release */,
			);
			defaultConfigurationIsVisible = 0;
			defaultConfigurationName = Release;
		};
/* End XCConfigurationList section */
	};
	rootObject = 0F7CDCBD28C28CF8008890B5 /* Project object */;
}
